
Microsoft Visual Studio Solution File, Format Version 12.00
# Visual Studio Version 17
VisualStudioVersion = 17.11.35303.130
MinimumVisualStudioVersion = 10.0.40219.1
Project("{F184B08F-C81C-45F6-A57F-5ABD9991F28F}") = "formdesignPETA1", "formdesignPETA1\formdesignPETA1.vbproj", "{B8F68D9C-9C13-4FDF-BC5B-0188784CFF78}"
EndProject
Global
	GlobalSection(SolutionConfigurationPlatforms) = preSolution
		Debug|Any CPU = Debug|Any CPU
		Release|Any CPU = Release|Any CPU
	EndGlobalSection
	GlobalSection(ProjectConfigurationPlatforms) = postSolution
		{B8F68D9C-9C13-4FDF-BC5B-0188784CFF78}.Debug|Any CPU.ActiveCfg = Debug|Any CPU
		{B8F68D9C-9C13-4FDF-BC5B-0188784CFF78}.Debug|Any CPU.Build.0 = Debug|Any CPU
		{B8F68D9C-9C13-4FDF-BC5B-0188784CFF78}.Release|Any CPU.ActiveCfg = Release|Any CPU
		{B8F68D9C-9C13-4FDF-BC5B-0188784CFF78}.Release|Any CPU.Build.0 = Release|Any CPU
	EndGlobalSection
	GlobalSection(SolutionProperties) = preSolution
		HideSolutionNode = FALSE
	EndGlobalSection
	GlobalSection(ExtensibilityGlobals) = postSolution
		SolutionGuid = {4AB3C9E4-9633-4274-A3F9-A3466FA3ABF4}
	EndGlobalSection
EndGlobal
